
Microsoft Visual Studio Solution File, Format Version 12.00
# Visual Studio Version 17
VisualStudioVersion = 17.9.34616.47
MinimumVisualStudioVersion = 10.0.40219.1
Project("{FAE04EC0-301F-11D3-BF4B-00C04F79EFBC}") = "DotNetCore8AuthDemo", "DotNetCore8AuthDemo\DotNetCore8AuthDemo.csproj", "{FA8A12BD-28EE-4F40-AB1A-C95D4EFDF0F6}"
EndProject
Global
	GlobalSection(SolutionConfigurationPlatforms) = preSolution
		Debug|Any CPU = Debug|Any CPU
		Release|Any CPU = Release|Any CPU
	EndGlobalSection
	GlobalSection(ProjectConfigurationPlatforms) = postSolution
		{FA8A12BD-28EE-4F40-AB1A-C95D4EFDF0F6}.Debug|Any CPU.ActiveCfg = Debug|Any CPU
		{FA8A12BD-28EE-4F40-AB1A-C95D4EFDF0F6}.Debug|Any CPU.Build.0 = Debug|Any CPU
		{FA8A12BD-28EE-4F40-AB1A-C95D4EFDF0F6}.Release|Any CPU.ActiveCfg = Release|Any CPU
		{FA8A12BD-28EE-4F40-AB1A-C95D4EFDF0F6}.Release|Any CPU.Build.0 = Release|Any CPU
	EndGlobalSection
	GlobalSection(SolutionProperties) = preSolution
		HideSolutionNode = FALSE
	EndGlobalSection
	GlobalSection(ExtensibilityGlobals) = postSolution
		SolutionGuid = {372BD2E1-8A76-4C8C-9E6B-969D6381E962}
	EndGlobalSection
EndGlobal
